
Microsoft Visual Studio Solution File, Format Version 11.00
# Visual Studio 2010
Project("{FAE04EC0-301F-11D3-BF4B-00C04F79EFBC}") = "Assembly-CSharp", "Assembly-CSharp.csproj", "{cf63a3fc-3f9d-b688-09fe-e3e341b2e419}"
EndProject
Project("{FAE04EC0-301F-11D3-BF4B-00C04F79EFBC}") = "Assembly-CSharp-Editor", "Assembly-CSharp-Editor.csproj", "{e8b5dcf6-8bfd-0c66-e8a2-0a5d2879b241}"
EndProject
Global
	GlobalSection(SolutionConfigurationPlatforms) = preSolution
		Debug|Any CPU = Debug|Any CPU
	EndGlobalSection
	GlobalSection(ProjectConfigurationPlatforms) = postSolution
		{cf63a3fc-3f9d-b688-09fe-e3e341b2e419}.Debug|Any CPU.ActiveCfg = Debug|Any CPU
		{cf63a3fc-3f9d-b688-09fe-e3e341b2e419}.Debug|Any CPU.Build.0 = Debug|Any CPU
		{e8b5dcf6-8bfd-0c66-e8a2-0a5d2879b241}.Debug|Any CPU.ActiveCfg = Debug|Any CPU
		{e8b5dcf6-8bfd-0c66-e8a2-0a5d2879b241}.Debug|Any CPU.Build.0 = Debug|Any CPU
	EndGlobalSection
	GlobalSection(SolutionProperties) = preSolution
		HideSolutionNode = FALSE
	EndGlobalSection
EndGlobal
